<Solution>
  <Folder Name="/src/">
    <Project Path="src/SqlBound.Generators/SqlBound.Generators.csproj" />
    <Project Path="src/SqlBound/SqlBound.csproj" />
  </Folder>
  <Folder Name="/test/">
    <Project Path="test/SqlBound.Generators.UnitTests/SqlBound.Generators.UnitTests.csproj" />
    <Project Path="test/SqlBound.IntegrationTests/SqlBound.IntegrationTests.csproj" />
    <Project Path="test/SqlBound.UnitTests/SqlBound.UnitTests.csproj" />
  </Folder>
</Solution>
